
Microsoft Visual Studio Solution File, Format Version 12.00
# Visual Studio Version 17
VisualStudioVersion = 17.11.35327.3
MinimumVisualStudioVersion = 10.0.40219.1
Project("{FAE04EC0-301F-11D3-BF4B-00C04F79EFBC}") = "words_game(Client)", "word_game(Client)\words_game(Client).csproj", "{55634EDB-593D-4ED9-A784-6DFE28D49315}"
EndProject
Project("{FAE04EC0-301F-11D3-BF4B-00C04F79EFBC}") = "words_game(Server)", "words_game(Server)\words_game(Server).csproj", "{CA778878-EBEA-43CB-965F-FB85FA5C9AF3}"
EndProject
Global
	GlobalSection(SolutionConfigurationPlatforms) = preSolution
		Debug|Any CPU = Debug|Any CPU
		Release|Any CPU = Release|Any CPU
	EndGlobalSection
	GlobalSection(ProjectConfigurationPlatforms) = postSolution
		{55634EDB-593D-4ED9-A784-6DFE28D49315}.Debug|Any CPU.ActiveCfg = Debug|Any CPU
		{55634EDB-593D-4ED9-A784-6DFE28D49315}.Debug|Any CPU.Build.0 = Debug|Any CPU
		{55634EDB-593D-4ED9-A784-6DFE28D49315}.Release|Any CPU.ActiveCfg = Release|Any CPU
		{55634EDB-593D-4ED9-A784-6DFE28D49315}.Release|Any CPU.Build.0 = Release|Any CPU
		{CA778878-EBEA-43CB-965F-FB85FA5C9AF3}.Debug|Any CPU.ActiveCfg = Debug|Any CPU
		{CA778878-EBEA-43CB-965F-FB85FA5C9AF3}.Debug|Any CPU.Build.0 = Debug|Any CPU
		{CA778878-EBEA-43CB-965F-FB85FA5C9AF3}.Release|Any CPU.ActiveCfg = Release|Any CPU
		{CA778878-EBEA-43CB-965F-FB85FA5C9AF3}.Release|Any CPU.Build.0 = Release|Any CPU
	EndGlobalSection
	GlobalSection(SolutionProperties) = preSolution
		HideSolutionNode = FALSE
	EndGlobalSection
	GlobalSection(ExtensibilityGlobals) = postSolution
		SolutionGuid = {75511803-B585-4459-A6D1-BB9F963D464C}
	EndGlobalSection
EndGlobal
